
Microsoft Visual Studio Solution File, Format Version 12.00
# Visual Studio Version 16
VisualStudioVersion = 16.0.29613.14
MinimumVisualStudioVersion = 10.0.40219.1
Project("{FAE04EC0-301F-11D3-BF4B-00C04F79EFBC}") = "KeyLibrary", "KeyLibrary.csproj", "{12CA4755-AF71-4F3A-A2DE-198C92837EBB}"
EndProject
Global
	GlobalSection(SolutionConfigurationPlatforms) = preSolution
		Debug|Any CPU = Debug|Any CPU
		Release|Any CPU = Release|Any CPU
	EndGlobalSection
	GlobalSection(ProjectConfigurationPlatforms) = postSolution
		{12CA4755-AF71-4F3A-A2DE-198C92837EBB}.Debug|Any CPU.ActiveCfg = Debug|Any CPU
		{12CA4755-AF71-4F3A-A2DE-198C92837EBB}.Debug|Any CPU.Build.0 = Debug|Any CPU
		{12CA4755-AF71-4F3A-A2DE-198C92837EBB}.Release|Any CPU.ActiveCfg = Release|Any CPU
		{12CA4755-AF71-4F3A-A2DE-198C92837EBB}.Release|Any CPU.Build.0 = Release|Any CPU
	EndGlobalSection
	GlobalSection(SolutionProperties) = preSolution
		HideSolutionNode = FALSE
	EndGlobalSection
	GlobalSection(ExtensibilityGlobals) = postSolution
		SolutionGuid = {01725E9C-6A23-4300-A603-ABBEF5F7497B}
	EndGlobalSection
EndGlobal
